# This file is automatically @generated by Cargo.
# It is not intended for manual editing.
version = 4

[[package]]
name = "kfs-cli"
version = "0.1.0"
dependencies = [
 "kfs-core",
 "kfs-provider-spotlight",
]

[[package]]
name = "kfs-core"
version = "0.1.0"

[[package]]
name = "kfs-provider-spotlight"
version = "0.1.0"
dependencies = [
 "kfs-core",
]
